
Microsoft Visual Studio Solution File, Format Version 12.00
Project("{FAE04EC0-301F-11D3-BF4B-00C04F79EFBC}") = "BalancedBinarySearchTreeApp", "BalancedBinarySearchTreeApp\BalancedBinarySearchTreeApp.csproj", "{5478BCA6-B610-40DA-A558-1DA5C9DB34C3}"
EndProject
Global
	GlobalSection(SolutionConfigurationPlatforms) = preSolution
		Debug|Any CPU = Debug|Any CPU
		Release|Any CPU = Release|Any CPU
	EndGlobalSection
	GlobalSection(ProjectConfigurationPlatforms) = postSolution
		{5478BCA6-B610-40DA-A558-1DA5C9DB34C3}.Debug|Any CPU.ActiveCfg = Debug|Any CPU
		{5478BCA6-B610-40DA-A558-1DA5C9DB34C3}.Debug|Any CPU.Build.0 = Debug|Any CPU
		{5478BCA6-B610-40DA-A558-1DA5C9DB34C3}.Release|Any CPU.ActiveCfg = Release|Any CPU
		{5478BCA6-B610-40DA-A558-1DA5C9DB34C3}.Release|Any CPU.Build.0 = Release|Any CPU
	EndGlobalSection
EndGlobal
